
Microsoft Visual Studio Solution File, Format Version 10.00
# Visual Studio 2008
Project("{F14B399A-7131-4C87-9E4B-1186C45EF12D}") = "BloodNetReportingV2", "BloodNetReportingV2.rptproj", "{4334342B-D211-4465-A50B-EBF5D773996B}"
EndProject
Global
	GlobalSection(SolutionConfigurationPlatforms) = preSolution
		Debug|Default = Debug|Default
		DebugLocal|Default = DebugLocal|Default
		Release|Default = Release|Default
	EndGlobalSection
	GlobalSection(ProjectConfigurationPlatforms) = postSolution
		{4334342B-D211-4465-A50B-EBF5D773996B}.Debug|Default.ActiveCfg = Debug
		{4334342B-D211-4465-A50B-EBF5D773996B}.Debug|Default.Build.0 = DebugLocal
		{4334342B-D211-4465-A50B-EBF5D773996B}.Debug|Default.Deploy.0 = DebugLocal
		{4334342B-D211-4465-A50B-EBF5D773996B}.DebugLocal|Default.ActiveCfg = DebugLocal
		{4334342B-D211-4465-A50B-EBF5D773996B}.DebugLocal|Default.Build.0 = DebugLocal
		{4334342B-D211-4465-A50B-EBF5D773996B}.Release|Default.ActiveCfg = Release
		{4334342B-D211-4465-A50B-EBF5D773996B}.Release|Default.Build.0 = Release
		{4334342B-D211-4465-A50B-EBF5D773996B}.Release|Default.Deploy.0 = Release
	EndGlobalSection
	GlobalSection(SolutionProperties) = preSolution
		HideSolutionNode = FALSE
	EndGlobalSection
EndGlobal
